%{
  "dog_sketch": {:hex, :dog_sketch, "0.1.2", "10c51b4d404e351309d74f9bce29a5a8cfbf12c309a90801fcfa0088ef116164", [:mix], [], "hexpm", "d6c6102a7434a8f49e4368eb3ba01c8eaf1ea455463fb4f74735844a51d9a0d8"},
  "ex2ms": {:hex, :ex2ms, "1.6.1", "66d472eb14da43087c156e0396bac3cc7176b4f24590a251db53f84e9a0f5f72", [:mix], [], "hexpm", "a7192899d84af03823a8ec2f306fa858cbcce2c2e7fd0f1c49e05168fb9c740e"},
}
